
Microsoft Visual Studio Solution File, Format Version 12.00
# Visual Studio 15
VisualStudioVersion = 15.0.26124.0
MinimumVisualStudioVersion = 15.0.26124.0
Project("{2150E333-8FDC-42A3-9474-1A3956D46DE8}") = "src", "src", "{7B3C2F96-537A-413F-9EA9-3EA3B1CED4A8}"
EndProject
Project("{FAE04EC0-301F-11D3-BF4B-00C04F79EFBC}") = "Actio.Api", "src\Actio.Api\Actio.Api.csproj", "{8B0292F4-9511-47CA-BBAB-DEB69E694D7B}"
EndProject
Project("{FAE04EC0-301F-11D3-BF4B-00C04F79EFBC}") = "Actio.Common", "src\Actio.Common\Actio.Common.csproj", "{9F79CD86-1484-41BF-8AB5-5E72C33A5138}"
EndProject
Project("{FAE04EC0-301F-11D3-BF4B-00C04F79EFBC}") = "Actio.Services.Activities", "src\Actio.Services.Activities\Actio.Services.Activities.csproj", "{5CDC0DEB-7A12-44EB-BD8F-CA27CAB16AF5}"
EndProject
Project("{FAE04EC0-301F-11D3-BF4B-00C04F79EFBC}") = "Actio.Servies.Identity", "src\Actio.Servies.Identity\Actio.Servies.Identity.csproj", "{ECE655C8-75B4-4E40-A18B-8553C647FFE8}"
EndProject
Project("{FAE04EC0-301F-11D3-BF4B-00C04F79EFBC}") = "Actio.Domain", "src\Actio.Domain\Actio.Domain.csproj", "{CFF3CC07-0024-4964-9E20-C6837A88EF87}"
EndProject
Project("{FAE04EC0-301F-11D3-BF4B-00C04F79EFBC}") = "Actio.DomainServices", "src\Actio.DomainServices\Actio.DomainServices.csproj", "{0C4882BE-EA90-43A3-8BC4-A52E7B218A82}"
EndProject
Project("{2150E333-8FDC-42A3-9474-1A3956D46DE8}") = "tests", "tests", "{5523B078-5D5A-41C0-85F4-D67BC2624747}"
EndProject
Project("{FAE04EC0-301F-11D3-BF4B-00C04F79EFBC}") = "Actio.Api.Tests", "tests\Actio.Api.Tests\Actio.Api.Tests.csproj", "{8D9B35F8-CE67-484F-A812-0F19ED177B44}"
EndProject
Project("{FAE04EC0-301F-11D3-BF4B-00C04F79EFBC}") = "Actio.Services.Activities.Tests", "tests\Actio.Services.Activities.Tests\Actio.Services.Activities.Tests.csproj", "{DE49A561-1F9F-4000-AE93-EFCCC5DE00E5}"
EndProject
Project("{FAE04EC0-301F-11D3-BF4B-00C04F79EFBC}") = "Actio.Services.Identity.Tests", "tests\Actio.Services.Identity.Tests\Actio.Services.Identity.Tests.csproj", "{5DA15A1E-28AB-4FFF-9503-1AB95606A4B4}"
EndProject
Global
	GlobalSection(SolutionConfigurationPlatforms) = preSolution
		Debug|Any CPU = Debug|Any CPU
		Debug|x64 = Debug|x64
		Debug|x86 = Debug|x86
		Release|Any CPU = Release|Any CPU
		Release|x64 = Release|x64
		Release|x86 = Release|x86
	EndGlobalSection
	GlobalSection(SolutionProperties) = preSolution
		HideSolutionNode = FALSE
	EndGlobalSection
	GlobalSection(ProjectConfigurationPlatforms) = postSolution
		{8B0292F4-9511-47CA-BBAB-DEB69E694D7B}.Debug|Any CPU.ActiveCfg = Debug|Any CPU
		{8B0292F4-9511-47CA-BBAB-DEB69E694D7B}.Debug|Any CPU.Build.0 = Debug|Any CPU
		{8B0292F4-9511-47CA-BBAB-DEB69E694D7B}.Debug|x64.ActiveCfg = Debug|Any CPU
		{8B0292F4-9511-47CA-BBAB-DEB69E694D7B}.Debug|x64.Build.0 = Debug|Any CPU
		{8B0292F4-9511-47CA-BBAB-DEB69E694D7B}.Debug|x86.ActiveCfg = Debug|Any CPU
		{8B0292F4-9511-47CA-BBAB-DEB69E694D7B}.Debug|x86.Build.0 = Debug|Any CPU
		{8B0292F4-9511-47CA-BBAB-DEB69E694D7B}.Release|Any CPU.ActiveCfg = Release|Any CPU
		{8B0292F4-9511-47CA-BBAB-DEB69E694D7B}.Release|Any CPU.Build.0 = Release|Any CPU
		{8B0292F4-9511-47CA-BBAB-DEB69E694D7B}.Release|x64.ActiveCfg = Release|Any CPU
		{8B0292F4-9511-47CA-BBAB-DEB69E694D7B}.Release|x64.Build.0 = Release|Any CPU
		{8B0292F4-9511-47CA-BBAB-DEB69E694D7B}.Release|x86.ActiveCfg = Release|Any CPU
		{8B0292F4-9511-47CA-BBAB-DEB69E694D7B}.Release|x86.Build.0 = Release|Any CPU
		{9F79CD86-1484-41BF-8AB5-5E72C33A5138}.Debug|Any CPU.ActiveCfg = Debug|Any CPU
		{9F79CD86-1484-41BF-8AB5-5E72C33A5138}.Debug|Any CPU.Build.0 = Debug|Any CPU
		{9F79CD86-1484-41BF-8AB5-5E72C33A5138}.Debug|x64.ActiveCfg = Debug|Any CPU
		{9F79CD86-1484-41BF-8AB5-5E72C33A5138}.Debug|x64.Build.0 = Debug|Any CPU
		{9F79CD86-1484-41BF-8AB5-5E72C33A5138}.Debug|x86.ActiveCfg = Debug|Any CPU
		{9F79CD86-1484-41BF-8AB5-5E72C33A5138}.Debug|x86.Build.0 = Debug|Any CPU
		{9F79CD86-1484-41BF-8AB5-5E72C33A5138}.Release|Any CPU.ActiveCfg = Release|Any CPU
		{9F79CD86-1484-41BF-8AB5-5E72C33A5138}.Release|Any CPU.Build.0 = Release|Any CPU
		{9F79CD86-1484-41BF-8AB5-5E72C33A5138}.Release|x64.ActiveCfg = Release|Any CPU
		{9F79CD86-1484-41BF-8AB5-5E72C33A5138}.Release|x64.Build.0 = Release|Any CPU
		{9F79CD86-1484-41BF-8AB5-5E72C33A5138}.Release|x86.ActiveCfg = Release|Any CPU
		{9F79CD86-1484-41BF-8AB5-5E72C33A5138}.Release|x86.Build.0 = Release|Any CPU
		{5CDC0DEB-7A12-44EB-BD8F-CA27CAB16AF5}.Debug|Any CPU.ActiveCfg = Debug|Any CPU
		{5CDC0DEB-7A12-44EB-BD8F-CA27CAB16AF5}.Debug|Any CPU.Build.0 = Debug|Any CPU
		{5CDC0DEB-7A12-44EB-BD8F-CA27CAB16AF5}.Debug|x64.ActiveCfg = Debug|Any CPU
		{5CDC0DEB-7A12-44EB-BD8F-CA27CAB16AF5}.Debug|x64.Build.0 = Debug|Any CPU
		{5CDC0DEB-7A12-44EB-BD8F-CA27CAB16AF5}.Debug|x86.ActiveCfg = Debug|Any CPU
		{5CDC0DEB-7A12-44EB-BD8F-CA27CAB16AF5}.Debug|x86.Build.0 = Debug|Any CPU
		{5CDC0DEB-7A12-44EB-BD8F-CA27CAB16AF5}.Release|Any CPU.ActiveCfg = Release|Any CPU
		{5CDC0DEB-7A12-44EB-BD8F-CA27CAB16AF5}.Release|Any CPU.Build.0 = Release|Any CPU
		{5CDC0DEB-7A12-44EB-BD8F-CA27CAB16AF5}.Release|x64.ActiveCfg = Release|Any CPU
		{5CDC0DEB-7A12-44EB-BD8F-CA27CAB16AF5}.Release|x64.Build.0 = Release|Any CPU
		{5CDC0DEB-7A12-44EB-BD8F-CA27CAB16AF5}.Release|x86.ActiveCfg = Release|Any CPU
		{5CDC0DEB-7A12-44EB-BD8F-CA27CAB16AF5}.Release|x86.Build.0 = Release|Any CPU
		{ECE655C8-75B4-4E40-A18B-8553C647FFE8}.Debug|Any CPU.ActiveCfg = Debug|Any CPU
		{ECE655C8-75B4-4E40-A18B-8553C647FFE8}.Debug|Any CPU.Build.0 = Debug|Any CPU
		{ECE655C8-75B4-4E40-A18B-8553C647FFE8}.Debug|x64.ActiveCfg = Debug|Any CPU
		{ECE655C8-75B4-4E40-A18B-8553C647FFE8}.Debug|x64.Build.0 = Debug|Any CPU
		{ECE655C8-75B4-4E40-A18B-8553C647FFE8}.Debug|x86.ActiveCfg = Debug|Any CPU
		{ECE655C8-75B4-4E40-A18B-8553C647FFE8}.Debug|x86.Build.0 = Debug|Any CPU
		{ECE655C8-75B4-4E40-A18B-8553C647FFE8}.Release|Any CPU.ActiveCfg = Release|Any CPU
		{ECE655C8-75B4-4E40-A18B-8553C647FFE8}.Release|Any CPU.Build.0 = Release|Any CPU
		{ECE655C8-75B4-4E40-A18B-8553C647FFE8}.Release|x64.ActiveCfg = Release|Any CPU
		{ECE655C8-75B4-4E40-A18B-8553C647FFE8}.Release|x64.Build.0 = Release|Any CPU
		{ECE655C8-75B4-4E40-A18B-8553C647FFE8}.Release|x86.ActiveCfg = Release|Any CPU
		{ECE655C8-75B4-4E40-A18B-8553C647FFE8}.Release|x86.Build.0 = Release|Any CPU
		{CFF3CC07-0024-4964-9E20-C6837A88EF87}.Debug|Any CPU.ActiveCfg = Debug|Any CPU
		{CFF3CC07-0024-4964-9E20-C6837A88EF87}.Debug|Any CPU.Build.0 = Debug|Any CPU
		{CFF3CC07-0024-4964-9E20-C6837A88EF87}.Debug|x64.ActiveCfg = Debug|Any CPU
		{CFF3CC07-0024-4964-9E20-C6837A88EF87}.Debug|x64.Build.0 = Debug|Any CPU
		{CFF3CC07-0024-4964-9E20-C6837A88EF87}.Debug|x86.ActiveCfg = Debug|Any CPU
		{CFF3CC07-0024-4964-9E20-C6837A88EF87}.Debug|x86.Build.0 = Debug|Any CPU
		{CFF3CC07-0024-4964-9E20-C6837A88EF87}.Release|Any CPU.ActiveCfg = Release|Any CPU
		{CFF3CC07-0024-4964-9E20-C6837A88EF87}.Release|Any CPU.Build.0 = Release|Any CPU
		{CFF3CC07-0024-4964-9E20-C6837A88EF87}.Release|x64.ActiveCfg = Release|Any CPU
		{CFF3CC07-0024-4964-9E20-C6837A88EF87}.Release|x64.Build.0 = Release|Any CPU
		{CFF3CC07-0024-4964-9E20-C6837A88EF87}.Release|x86.ActiveCfg = Release|Any CPU
		{CFF3CC07-0024-4964-9E20-C6837A88EF87}.Release|x86.Build.0 = Release|Any CPU
		{0C4882BE-EA90-43A3-8BC4-A52E7B218A82}.Debug|Any CPU.ActiveCfg = Debug|Any CPU
		{0C4882BE-EA90-43A3-8BC4-A52E7B218A82}.Debug|Any CPU.Build.0 = Debug|Any CPU
		{0C4882BE-EA90-43A3-8BC4-A52E7B218A82}.Debug|x64.ActiveCfg = Debug|Any CPU
		{0C4882BE-EA90-43A3-8BC4-A52E7B218A82}.Debug|x64.Build.0 = Debug|Any CPU
		{0C4882BE-EA90-43A3-8BC4-A52E7B218A82}.Debug|x86.ActiveCfg = Debug|Any CPU
		{0C4882BE-EA90-43A3-8BC4-A52E7B218A82}.Debug|x86.Build.0 = Debug|Any CPU
		{0C4882BE-EA90-43A3-8BC4-A52E7B218A82}.Release|Any CPU.ActiveCfg = Release|Any CPU
		{0C4882BE-EA90-43A3-8BC4-A52E7B218A82}.Release|Any CPU.Build.0 = Release|Any CPU
		{0C4882BE-EA90-43A3-8BC4-A52E7B218A82}.Release|x64.ActiveCfg = Release|Any CPU
		{0C4882BE-EA90-43A3-8BC4-A52E7B218A82}.Release|x64.Build.0 = Release|Any CPU
		{0C4882BE-EA90-43A3-8BC4-A52E7B218A82}.Release|x86.ActiveCfg = Release|Any CPU
		{0C4882BE-EA90-43A3-8BC4-A52E7B218A82}.Release|x86.Build.0 = Release|Any CPU
		{8D9B35F8-CE67-484F-A812-0F19ED177B44}.Debug|Any CPU.ActiveCfg = Debug|Any CPU
		{8D9B35F8-CE67-484F-A812-0F19ED177B44}.Debug|Any CPU.Build.0 = Debug|Any CPU
		{8D9B35F8-CE67-484F-A812-0F19ED177B44}.Debug|x64.ActiveCfg = Debug|Any CPU
		{8D9B35F8-CE67-484F-A812-0F19ED177B44}.Debug|x64.Build.0 = Debug|Any CPU
		{8D9B35F8-CE67-484F-A812-0F19ED177B44}.Debug|x86.ActiveCfg = Debug|Any CPU
		{8D9B35F8-CE67-484F-A812-0F19ED177B44}.Debug|x86.Build.0 = Debug|Any CPU
		{8D9B35F8-CE67-484F-A812-0F19ED177B44}.Release|Any CPU.ActiveCfg = Release|Any CPU
		{8D9B35F8-CE67-484F-A812-0F19ED177B44}.Release|Any CPU.Build.0 = Release|Any CPU
		{8D9B35F8-CE67-484F-A812-0F19ED177B44}.Release|x64.ActiveCfg = Release|Any CPU
		{8D9B35F8-CE67-484F-A812-0F19ED177B44}.Release|x64.Build.0 = Release|Any CPU
		{8D9B35F8-CE67-484F-A812-0F19ED177B44}.Release|x86.ActiveCfg = Release|Any CPU
		{8D9B35F8-CE67-484F-A812-0F19ED177B44}.Release|x86.Build.0 = Release|Any CPU
		{DE49A561-1F9F-4000-AE93-EFCCC5DE00E5}.Debug|Any CPU.ActiveCfg = Debug|Any CPU
		{DE49A561-1F9F-4000-AE93-EFCCC5DE00E5}.Debug|Any CPU.Build.0 = Debug|Any CPU
		{DE49A561-1F9F-4000-AE93-EFCCC5DE00E5}.Debug|x64.ActiveCfg = Debug|Any CPU
		{DE49A561-1F9F-4000-AE93-EFCCC5DE00E5}.Debug|x64.Build.0 = Debug|Any CPU
		{DE49A561-1F9F-4000-AE93-EFCCC5DE00E5}.Debug|x86.ActiveCfg = Debug|Any CPU
		{DE49A561-1F9F-4000-AE93-EFCCC5DE00E5}.Debug|x86.Build.0 = Debug|Any CPU
		{DE49A561-1F9F-4000-AE93-EFCCC5DE00E5}.Release|Any CPU.ActiveCfg = Release|Any CPU
		{DE49A561-1F9F-4000-AE93-EFCCC5DE00E5}.Release|Any CPU.Build.0 = Release|Any CPU
		{DE49A561-1F9F-4000-AE93-EFCCC5DE00E5}.Release|x64.ActiveCfg = Release|Any CPU
		{DE49A561-1F9F-4000-AE93-EFCCC5DE00E5}.Release|x64.Build.0 = Release|Any CPU
		{DE49A561-1F9F-4000-AE93-EFCCC5DE00E5}.Release|x86.ActiveCfg = Release|Any CPU
		{DE49A561-1F9F-4000-AE93-EFCCC5DE00E5}.Release|x86.Build.0 = Release|Any CPU
		{5DA15A1E-28AB-4FFF-9503-1AB95606A4B4}.Debug|Any CPU.ActiveCfg = Debug|Any CPU
		{5DA15A1E-28AB-4FFF-9503-1AB95606A4B4}.Debug|Any CPU.Build.0 = Debug|Any CPU
		{5DA15A1E-28AB-4FFF-9503-1AB95606A4B4}.Debug|x64.ActiveCfg = Debug|Any CPU
		{5DA15A1E-28AB-4FFF-9503-1AB95606A4B4}.Debug|x64.Build.0 = Debug|Any CPU
		{5DA15A1E-28AB-4FFF-9503-1AB95606A4B4}.Debug|x86.ActiveCfg = Debug|Any CPU
		{5DA15A1E-28AB-4FFF-9503-1AB95606A4B4}.Debug|x86.Build.0 = Debug|Any CPU
		{5DA15A1E-28AB-4FFF-9503-1AB95606A4B4}.Release|Any CPU.ActiveCfg = Release|Any CPU
		{5DA15A1E-28AB-4FFF-9503-1AB95606A4B4}.Release|Any CPU.Build.0 = Release|Any CPU
		{5DA15A1E-28AB-4FFF-9503-1AB95606A4B4}.Release|x64.ActiveCfg = Release|Any CPU
		{5DA15A1E-28AB-4FFF-9503-1AB95606A4B4}.Release|x64.Build.0 = Release|Any CPU
		{5DA15A1E-28AB-4FFF-9503-1AB95606A4B4}.Release|x86.ActiveCfg = Release|Any CPU
		{5DA15A1E-28AB-4FFF-9503-1AB95606A4B4}.Release|x86.Build.0 = Release|Any CPU
	EndGlobalSection
	GlobalSection(NestedProjects) = preSolution
		{8B0292F4-9511-47CA-BBAB-DEB69E694D7B} = {7B3C2F96-537A-413F-9EA9-3EA3B1CED4A8}
		{9F79CD86-1484-41BF-8AB5-5E72C33A5138} = {7B3C2F96-537A-413F-9EA9-3EA3B1CED4A8}
		{5CDC0DEB-7A12-44EB-BD8F-CA27CAB16AF5} = {7B3C2F96-537A-413F-9EA9-3EA3B1CED4A8}
		{ECE655C8-75B4-4E40-A18B-8553C647FFE8} = {7B3C2F96-537A-413F-9EA9-3EA3B1CED4A8}
		{CFF3CC07-0024-4964-9E20-C6837A88EF87} = {7B3C2F96-537A-413F-9EA9-3EA3B1CED4A8}
		{0C4882BE-EA90-43A3-8BC4-A52E7B218A82} = {7B3C2F96-537A-413F-9EA9-3EA3B1CED4A8}
		{8D9B35F8-CE67-484F-A812-0F19ED177B44} = {5523B078-5D5A-41C0-85F4-D67BC2624747}
		{DE49A561-1F9F-4000-AE93-EFCCC5DE00E5} = {5523B078-5D5A-41C0-85F4-D67BC2624747}
		{5DA15A1E-28AB-4FFF-9503-1AB95606A4B4} = {5523B078-5D5A-41C0-85F4-D67BC2624747}
	EndGlobalSection
EndGlobal
